schema: '2.0'
stages:
  load_data:
    cmd: python src/load_data.py --config=params.yaml
    deps:
    - path: data_given/HR-Employee-Attrition.csv
      md5: f82da769b584928fe24e9f7885ad09d5
      size: 227977
    - path: src/get_data.py
      md5: 2bd7ca9a0a5a9296330192a885b64942
      size: 669
    - path: src/load_data.py
      md5: 23fc497739c99229c6bd38f977636ced
      size: 594
    outs:
    - path: data/raw/HR-Employee-Attrition.csv
      md5: 699b02f7f57c2d38871d6610b3716b7d
      size: 227974
  split_data:
    cmd: python src/split_data.py --config=params.yaml
    deps:
    - path: data/raw/HR-Employee-Attrition.csv
      md5: 699b02f7f57c2d38871d6610b3716b7d
      size: 227974
    - path: src/split_data.py
      md5: e8daec1d3dddbb4a51a4e087ae7e3ab9
      size: 1050
    outs:
    - path: data/raw/test_hr_employee_attrition.csv
      md5: 98e92a39f1205c83aaffa9dfe0b6adfc
      size: 68816
    - path: data/raw/train_hr_employee_attrition.csv
      md5: 981ae0306a00d71ad191a588dc6af435
      size: 159672
  process_data:
    cmd: python src/process_data.py --config=params.yaml
    deps:
    - path: data/raw/test_hr_employee_attrition.csv
      md5: 98e92a39f1205c83aaffa9dfe0b6adfc
      size: 68816
    - path: data/raw/train_hr_employee_attrition.csv
      md5: 981ae0306a00d71ad191a588dc6af435
      size: 159672
    - path: src/process_data.py
      md5: fe2cca52070ff78d090ca2b6f72c2a90
      size: 3873
    outs:
    - path: data/processed/test_hr_employee_attrition.csv
      md5: a27b8901aab7a1252cc6c11d0f634fd6
      size: 91815
    - path: data/processed/train_hr_employee_attrition.csv
      md5: de01741ebbf339e7c7e2019a7200ca30
      size: 213203
    - path: saved_models/scaler.joblib
      md5: 60cae0d759b862a1ad6ee5e313b6dc12
      size: 887
  train_and_evaluate:
    cmd: python src/train_and_evaluate.py --config=params.yaml
    deps:
    - path: data/processed/test_hr_employee_attrition.csv
      md5: a27b8901aab7a1252cc6c11d0f634fd6
      size: 91815
    - path: data/processed/train_hr_employee_attrition.csv
      md5: de01741ebbf339e7c7e2019a7200ca30
      size: 213203
    - path: src/train_and_evaluate.py
      md5: 8e7ff7b806f311b84be73db182aa6b11
      size: 2591
    params:
      params.yaml:
        estimators.SVC.params.C: 50
        estimators.SVC.params.gamma: 0.01
    outs:
    - path: report/params.json
      md5: 663c016f52ef9d2e3abc74492e8f7344
      size: 37
    - path: report/scores.json
      md5: 1a87ccb62c82ad37fa3e77e2178e58f3
      size: 145
    - path: saved_models/model.joblib
      md5: 9b0eb37454d6c977cc1827fa266bd9ba
      size: 166075
